
Microsoft Visual Studio Solution File, Format Version 12.00
# Visual Studio Version 16
VisualStudioVersion = 16.0.30413.136
MinimumVisualStudioVersion = 10.0.40219.1
Project("{FAE04EC0-301F-11D3-BF4B-00C04F79EFBC}") = "aoc-4-1", "aoc-4-1\aoc-4-1.csproj", "{CA5A7FFA-434E-4DFD-B1D5-37DEFB41B649}"
EndProject
Global
	GlobalSection(SolutionConfigurationPlatforms) = preSolution
		Debug|Any CPU = Debug|Any CPU
		Release|Any CPU = Release|Any CPU
	EndGlobalSection
	GlobalSection(ProjectConfigurationPlatforms) = postSolution
		{CA5A7FFA-434E-4DFD-B1D5-37DEFB41B649}.Debug|Any CPU.ActiveCfg = Debug|Any CPU
		{CA5A7FFA-434E-4DFD-B1D5-37DEFB41B649}.Debug|Any CPU.Build.0 = Debug|Any CPU
		{CA5A7FFA-434E-4DFD-B1D5-37DEFB41B649}.Release|Any CPU.ActiveCfg = Release|Any CPU
		{CA5A7FFA-434E-4DFD-B1D5-37DEFB41B649}.Release|Any CPU.Build.0 = Release|Any CPU
	EndGlobalSection
	GlobalSection(SolutionProperties) = preSolution
		HideSolutionNode = FALSE
	EndGlobalSection
	GlobalSection(ExtensibilityGlobals) = postSolution
		SolutionGuid = {F3D08D1B-CDB3-4EB8-A6E7-A71B9403A0FC}
	EndGlobalSection
EndGlobal
