
Microsoft Visual Studio Solution File, Format Version 12.00
# Visual Studio Version 16
VisualStudioVersion = 16.0.30413.136
MinimumVisualStudioVersion = 10.0.40219.1
Project("{FAE04EC0-301F-11D3-BF4B-00C04F79EFBC}") = "aoc-8-1", "aoc-8-1\aoc-8-1.csproj", "{92C80C7C-C4D0-41F0-93B5-0FF1BF3FE627}"
EndProject
Global
	GlobalSection(SolutionConfigurationPlatforms) = preSolution
		Debug|Any CPU = Debug|Any CPU
		Release|Any CPU = Release|Any CPU
	EndGlobalSection
	GlobalSection(ProjectConfigurationPlatforms) = postSolution
		{92C80C7C-C4D0-41F0-93B5-0FF1BF3FE627}.Debug|Any CPU.ActiveCfg = Debug|Any CPU
		{92C80C7C-C4D0-41F0-93B5-0FF1BF3FE627}.Debug|Any CPU.Build.0 = Debug|Any CPU
		{92C80C7C-C4D0-41F0-93B5-0FF1BF3FE627}.Release|Any CPU.ActiveCfg = Release|Any CPU
		{92C80C7C-C4D0-41F0-93B5-0FF1BF3FE627}.Release|Any CPU.Build.0 = Release|Any CPU
	EndGlobalSection
	GlobalSection(SolutionProperties) = preSolution
		HideSolutionNode = FALSE
	EndGlobalSection
	GlobalSection(ExtensibilityGlobals) = postSolution
		SolutionGuid = {7E53B3A7-02B1-4FB7-BB35-B6ED11D910A0}
	EndGlobalSection
EndGlobal
