
Microsoft Visual Studio Solution File, Format Version 12.00
# Visual Studio Version 16
VisualStudioVersion = 16.0.30717.126
MinimumVisualStudioVersion = 10.0.40219.1
Project("{FAE04EC0-301F-11D3-BF4B-00C04F79EFBC}") = "data", "data\data.csproj", "{479B7839-C319-4CDA-9811-C8FC1177D822}"
EndProject
Global
	GlobalSection(SolutionConfigurationPlatforms) = preSolution
		Debug|Any CPU = Debug|Any CPU
		Release|Any CPU = Release|Any CPU
	EndGlobalSection
	GlobalSection(ProjectConfigurationPlatforms) = postSolution
		{479B7839-C319-4CDA-9811-C8FC1177D822}.Debug|Any CPU.ActiveCfg = Debug|Any CPU
		{479B7839-C319-4CDA-9811-C8FC1177D822}.Debug|Any CPU.Build.0 = Debug|Any CPU
		{479B7839-C319-4CDA-9811-C8FC1177D822}.Release|Any CPU.ActiveCfg = Release|Any CPU
		{479B7839-C319-4CDA-9811-C8FC1177D822}.Release|Any CPU.Build.0 = Release|Any CPU
	EndGlobalSection
	GlobalSection(SolutionProperties) = preSolution
		HideSolutionNode = FALSE
	EndGlobalSection
	GlobalSection(ExtensibilityGlobals) = postSolution
		SolutionGuid = {59BD225D-5A63-4713-91D1-89EA605212D1}
	EndGlobalSection
EndGlobal
