
Microsoft Visual Studio Solution File, Format Version 12.00
# Visual Studio Version 17
VisualStudioVersion = 17.8.34322.80
MinimumVisualStudioVersion = 10.0.40219.1
Project("{FAE04EC0-301F-11D3-BF4B-00C04F79EFBC}") = "aoc-23-4", "aoc-23-4.csproj", "{86A75D14-43C9-4867-A8B8-7F61A3465300}"
EndProject
Global
	GlobalSection(SolutionConfigurationPlatforms) = preSolution
		Debug|Any CPU = Debug|Any CPU
		Release|Any CPU = Release|Any CPU
	EndGlobalSection
	GlobalSection(ProjectConfigurationPlatforms) = postSolution
		{86A75D14-43C9-4867-A8B8-7F61A3465300}.Debug|Any CPU.ActiveCfg = Debug|Any CPU
		{86A75D14-43C9-4867-A8B8-7F61A3465300}.Debug|Any CPU.Build.0 = Debug|Any CPU
		{86A75D14-43C9-4867-A8B8-7F61A3465300}.Release|Any CPU.ActiveCfg = Release|Any CPU
		{86A75D14-43C9-4867-A8B8-7F61A3465300}.Release|Any CPU.Build.0 = Release|Any CPU
	EndGlobalSection
	GlobalSection(SolutionProperties) = preSolution
		HideSolutionNode = FALSE
	EndGlobalSection
	GlobalSection(ExtensibilityGlobals) = postSolution
		SolutionGuid = {3C2E1EE8-5925-400E-BA2F-343D4A2D1991}
	EndGlobalSection
EndGlobal
