
Microsoft Visual Studio Solution File, Format Version 12.00
# Visual Studio Version 17
VisualStudioVersion = 17.4.33110.190
MinimumVisualStudioVersion = 10.0.40219.1
Project("{FAE04EC0-301F-11D3-BF4B-00C04F79EFBC}") = "aoc-22-4", "aoc-22-4.csproj", "{51A3DF0E-0336-42F3-84D7-B666577447B0}"
EndProject
Global
	GlobalSection(SolutionConfigurationPlatforms) = preSolution
		Debug|Any CPU = Debug|Any CPU
		Release|Any CPU = Release|Any CPU
	EndGlobalSection
	GlobalSection(ProjectConfigurationPlatforms) = postSolution
		{51A3DF0E-0336-42F3-84D7-B666577447B0}.Debug|Any CPU.ActiveCfg = Debug|Any CPU
		{51A3DF0E-0336-42F3-84D7-B666577447B0}.Debug|Any CPU.Build.0 = Debug|Any CPU
		{51A3DF0E-0336-42F3-84D7-B666577447B0}.Release|Any CPU.ActiveCfg = Release|Any CPU
		{51A3DF0E-0336-42F3-84D7-B666577447B0}.Release|Any CPU.Build.0 = Release|Any CPU
	EndGlobalSection
	GlobalSection(SolutionProperties) = preSolution
		HideSolutionNode = FALSE
	EndGlobalSection
	GlobalSection(ExtensibilityGlobals) = postSolution
		SolutionGuid = {DFD3E379-FD29-4899-A280-B54D34FA2862}
	EndGlobalSection
EndGlobal
