
Microsoft Visual Studio Solution File, Format Version 12.00
# Visual Studio Version 16
VisualStudioVersion = 16.0.30717.126
MinimumVisualStudioVersion = 10.0.40219.1
Project("{FAE04EC0-301F-11D3-BF4B-00C04F79EFBC}") = "test", "test\test.csproj", "{B64D8D24-33E8-4221-AEE8-3AAF6D1BDAFC}"
EndProject
Global
	GlobalSection(SolutionConfigurationPlatforms) = preSolution
		Debug|Any CPU = Debug|Any CPU
		Release|Any CPU = Release|Any CPU
	EndGlobalSection
	GlobalSection(ProjectConfigurationPlatforms) = postSolution
		{B64D8D24-33E8-4221-AEE8-3AAF6D1BDAFC}.Debug|Any CPU.ActiveCfg = Debug|Any CPU
		{B64D8D24-33E8-4221-AEE8-3AAF6D1BDAFC}.Debug|Any CPU.Build.0 = Debug|Any CPU
		{B64D8D24-33E8-4221-AEE8-3AAF6D1BDAFC}.Release|Any CPU.ActiveCfg = Release|Any CPU
		{B64D8D24-33E8-4221-AEE8-3AAF6D1BDAFC}.Release|Any CPU.Build.0 = Release|Any CPU
	EndGlobalSection
	GlobalSection(SolutionProperties) = preSolution
		HideSolutionNode = FALSE
	EndGlobalSection
	GlobalSection(ExtensibilityGlobals) = postSolution
		SolutionGuid = {5898584C-F197-45E1-99D9-B1DCC3A6DF80}
	EndGlobalSection
EndGlobal
