
Microsoft Visual Studio Solution File, Format Version 12.00
# Visual Studio Version 16
VisualStudioVersion = 16.0.30717.126
MinimumVisualStudioVersion = 10.0.40219.1
Project("{FAE04EC0-301F-11D3-BF4B-00C04F79EFBC}") = "aoc-13-test", "aoc-13-test\aoc-13-test.csproj", "{8B2A8CB7-9724-4DCA-907E-CDF47370D3DC}"
EndProject
Global
	GlobalSection(SolutionConfigurationPlatforms) = preSolution
		Debug|Any CPU = Debug|Any CPU
		Release|Any CPU = Release|Any CPU
	EndGlobalSection
	GlobalSection(ProjectConfigurationPlatforms) = postSolution
		{8B2A8CB7-9724-4DCA-907E-CDF47370D3DC}.Debug|Any CPU.ActiveCfg = Debug|Any CPU
		{8B2A8CB7-9724-4DCA-907E-CDF47370D3DC}.Debug|Any CPU.Build.0 = Debug|Any CPU
		{8B2A8CB7-9724-4DCA-907E-CDF47370D3DC}.Release|Any CPU.ActiveCfg = Release|Any CPU
		{8B2A8CB7-9724-4DCA-907E-CDF47370D3DC}.Release|Any CPU.Build.0 = Release|Any CPU
	EndGlobalSection
	GlobalSection(SolutionProperties) = preSolution
		HideSolutionNode = FALSE
	EndGlobalSection
	GlobalSection(ExtensibilityGlobals) = postSolution
		SolutionGuid = {A47E07D1-04F8-4E35-828F-1103849D280E}
	EndGlobalSection
EndGlobal
