
Microsoft Visual Studio Solution File, Format Version 12.00
# Visual Studio Version 16
VisualStudioVersion = 16.0.30413.136
MinimumVisualStudioVersion = 10.0.40219.1
Project("{FAE04EC0-301F-11D3-BF4B-00C04F79EFBC}") = "aoc-3-1", "aoc-3-1\aoc-3-1.csproj", "{7B041D7C-53B6-43D8-9617-891840B4958E}"
EndProject
Global
	GlobalSection(SolutionConfigurationPlatforms) = preSolution
		Debug|Any CPU = Debug|Any CPU
		Release|Any CPU = Release|Any CPU
	EndGlobalSection
	GlobalSection(ProjectConfigurationPlatforms) = postSolution
		{7B041D7C-53B6-43D8-9617-891840B4958E}.Debug|Any CPU.ActiveCfg = Debug|Any CPU
		{7B041D7C-53B6-43D8-9617-891840B4958E}.Debug|Any CPU.Build.0 = Debug|Any CPU
		{7B041D7C-53B6-43D8-9617-891840B4958E}.Release|Any CPU.ActiveCfg = Release|Any CPU
		{7B041D7C-53B6-43D8-9617-891840B4958E}.Release|Any CPU.Build.0 = Release|Any CPU
	EndGlobalSection
	GlobalSection(SolutionProperties) = preSolution
		HideSolutionNode = FALSE
	EndGlobalSection
	GlobalSection(ExtensibilityGlobals) = postSolution
		SolutionGuid = {B4D5471A-1704-4AD7-BC4B-C9A7B5845845}
	EndGlobalSection
EndGlobal
