
Microsoft Visual Studio Solution File, Format Version 12.00
# Visual Studio Version 16
VisualStudioVersion = 16.0.30413.136
MinimumVisualStudioVersion = 10.0.40219.1
Project("{FAE04EC0-301F-11D3-BF4B-00C04F79EFBC}") = "aoc-7-1", "aoc-7-1\aoc-7-1.csproj", "{C08AA56F-004A-488E-A52C-B35F6C460E57}"
EndProject
Global
	GlobalSection(SolutionConfigurationPlatforms) = preSolution
		Debug|Any CPU = Debug|Any CPU
		Release|Any CPU = Release|Any CPU
	EndGlobalSection
	GlobalSection(ProjectConfigurationPlatforms) = postSolution
		{C08AA56F-004A-488E-A52C-B35F6C460E57}.Debug|Any CPU.ActiveCfg = Debug|Any CPU
		{C08AA56F-004A-488E-A52C-B35F6C460E57}.Debug|Any CPU.Build.0 = Debug|Any CPU
		{C08AA56F-004A-488E-A52C-B35F6C460E57}.Release|Any CPU.ActiveCfg = Release|Any CPU
		{C08AA56F-004A-488E-A52C-B35F6C460E57}.Release|Any CPU.Build.0 = Release|Any CPU
	EndGlobalSection
	GlobalSection(SolutionProperties) = preSolution
		HideSolutionNode = FALSE
	EndGlobalSection
	GlobalSection(ExtensibilityGlobals) = postSolution
		SolutionGuid = {A3EFA1C3-159A-464F-8695-7EE85BFE5E86}
	EndGlobalSection
EndGlobal
