
Microsoft Visual Studio Solution File, Format Version 12.00
# Visual Studio Version 17
VisualStudioVersion = 17.0.31912.275
MinimumVisualStudioVersion = 10.0.40219.1
Project("{FAE04EC0-301F-11D3-BF4B-00C04F79EFBC}") = "aoc-1-2", "aoc-1-2\aoc-1-2.csproj", "{16B6EBDF-D7CF-41D2-A82E-8E5924E9DD79}"
EndProject
Global
	GlobalSection(SolutionConfigurationPlatforms) = preSolution
		Debug|Any CPU = Debug|Any CPU
		Release|Any CPU = Release|Any CPU
	EndGlobalSection
	GlobalSection(ProjectConfigurationPlatforms) = postSolution
		{16B6EBDF-D7CF-41D2-A82E-8E5924E9DD79}.Debug|Any CPU.ActiveCfg = Debug|Any CPU
		{16B6EBDF-D7CF-41D2-A82E-8E5924E9DD79}.Debug|Any CPU.Build.0 = Debug|Any CPU
		{16B6EBDF-D7CF-41D2-A82E-8E5924E9DD79}.Release|Any CPU.ActiveCfg = Release|Any CPU
		{16B6EBDF-D7CF-41D2-A82E-8E5924E9DD79}.Release|Any CPU.Build.0 = Release|Any CPU
	EndGlobalSection
	GlobalSection(SolutionProperties) = preSolution
		HideSolutionNode = FALSE
	EndGlobalSection
	GlobalSection(ExtensibilityGlobals) = postSolution
		SolutionGuid = {6EDB30C6-72FA-47CD-A7D8-2D77EB0BE569}
	EndGlobalSection
EndGlobal
