
Microsoft Visual Studio Solution File, Format Version 12.00
# Visual Studio Version 16
VisualStudioVersion = 16.0.30611.23
MinimumVisualStudioVersion = 10.0.40219.1
Project("{9A19103F-16F7-4668-BE54-9A1E7A4F7556}") = "aoc-6-1", "aoc-6-1-15\aoc-6-1.csproj", "{D5A5D898-539C-4316-A229-AD691F92AFC2}"
EndProject
Global
	GlobalSection(SolutionConfigurationPlatforms) = preSolution
		Debug|Any CPU = Debug|Any CPU
		Release|Any CPU = Release|Any CPU
	EndGlobalSection
	GlobalSection(ProjectConfigurationPlatforms) = postSolution
		{D5A5D898-539C-4316-A229-AD691F92AFC2}.Debug|Any CPU.ActiveCfg = Debug|Any CPU
		{D5A5D898-539C-4316-A229-AD691F92AFC2}.Debug|Any CPU.Build.0 = Debug|Any CPU
		{D5A5D898-539C-4316-A229-AD691F92AFC2}.Release|Any CPU.ActiveCfg = Release|Any CPU
		{D5A5D898-539C-4316-A229-AD691F92AFC2}.Release|Any CPU.Build.0 = Release|Any CPU
	EndGlobalSection
	GlobalSection(SolutionProperties) = preSolution
		HideSolutionNode = FALSE
	EndGlobalSection
	GlobalSection(ExtensibilityGlobals) = postSolution
		SolutionGuid = {AA5E5847-467F-402C-83F6-DDDC613913E4}
	EndGlobalSection
EndGlobal
