
Microsoft Visual Studio Solution File, Format Version 12.00
# Visual Studio Version 16
VisualStudioVersion = 16.0.30413.136
MinimumVisualStudioVersion = 10.0.40219.1
Project("{FAE04EC0-301F-11D3-BF4B-00C04F79EFBC}") = "aoc-2-2", "aoc-2-2\aoc-2-2.csproj", "{11EB66A9-91C3-4F3A-A7DD-70883C93C1EA}"
EndProject
Global
	GlobalSection(SolutionConfigurationPlatforms) = preSolution
		Debug|Any CPU = Debug|Any CPU
		Release|Any CPU = Release|Any CPU
	EndGlobalSection
	GlobalSection(ProjectConfigurationPlatforms) = postSolution
		{11EB66A9-91C3-4F3A-A7DD-70883C93C1EA}.Debug|Any CPU.ActiveCfg = Debug|Any CPU
		{11EB66A9-91C3-4F3A-A7DD-70883C93C1EA}.Debug|Any CPU.Build.0 = Debug|Any CPU
		{11EB66A9-91C3-4F3A-A7DD-70883C93C1EA}.Release|Any CPU.ActiveCfg = Release|Any CPU
		{11EB66A9-91C3-4F3A-A7DD-70883C93C1EA}.Release|Any CPU.Build.0 = Release|Any CPU
	EndGlobalSection
	GlobalSection(SolutionProperties) = preSolution
		HideSolutionNode = FALSE
	EndGlobalSection
	GlobalSection(ExtensibilityGlobals) = postSolution
		SolutionGuid = {DE825993-0D9B-4995-9994-22543B28B77F}
	EndGlobalSection
EndGlobal
