
Microsoft Visual Studio Solution File, Format Version 12.00
# Visual Studio Version 17
VisualStudioVersion = 17.0.31912.275
MinimumVisualStudioVersion = 10.0.40219.1
Project("{FAE04EC0-301F-11D3-BF4B-00C04F79EFBC}") = "aoc-8", "aoc-8\aoc-8.csproj", "{CDE7445E-045D-4F32-A055-DA45DB76B9CC}"
EndProject
Global
	GlobalSection(SolutionConfigurationPlatforms) = preSolution
		Debug|Any CPU = Debug|Any CPU
		Release|Any CPU = Release|Any CPU
	EndGlobalSection
	GlobalSection(ProjectConfigurationPlatforms) = postSolution
		{CDE7445E-045D-4F32-A055-DA45DB76B9CC}.Debug|Any CPU.ActiveCfg = Debug|Any CPU
		{CDE7445E-045D-4F32-A055-DA45DB76B9CC}.Debug|Any CPU.Build.0 = Debug|Any CPU
		{CDE7445E-045D-4F32-A055-DA45DB76B9CC}.Release|Any CPU.ActiveCfg = Release|Any CPU
		{CDE7445E-045D-4F32-A055-DA45DB76B9CC}.Release|Any CPU.Build.0 = Release|Any CPU
	EndGlobalSection
	GlobalSection(SolutionProperties) = preSolution
		HideSolutionNode = FALSE
	EndGlobalSection
	GlobalSection(ExtensibilityGlobals) = postSolution
		SolutionGuid = {BBBB4A0F-680D-48BA-A3CD-3C5333FD7902}
	EndGlobalSection
EndGlobal
