
Microsoft Visual Studio Solution File, Format Version 12.00
# Visual Studio Version 16
VisualStudioVersion = 16.0.30611.23
MinimumVisualStudioVersion = 10.0.40219.1
Project("{FAE04EC0-301F-11D3-BF4B-00C04F79EFBC}") = "aoc-7-2", "aoc-7-2\aoc-7-2.csproj", "{5DE0B918-E705-4C40-8280-D07A7F329CEA}"
EndProject
Global
	GlobalSection(SolutionConfigurationPlatforms) = preSolution
		Debug|Any CPU = Debug|Any CPU
		Release|Any CPU = Release|Any CPU
	EndGlobalSection
	GlobalSection(ProjectConfigurationPlatforms) = postSolution
		{5DE0B918-E705-4C40-8280-D07A7F329CEA}.Debug|Any CPU.ActiveCfg = Debug|Any CPU
		{5DE0B918-E705-4C40-8280-D07A7F329CEA}.Debug|Any CPU.Build.0 = Debug|Any CPU
		{5DE0B918-E705-4C40-8280-D07A7F329CEA}.Release|Any CPU.ActiveCfg = Release|Any CPU
		{5DE0B918-E705-4C40-8280-D07A7F329CEA}.Release|Any CPU.Build.0 = Release|Any CPU
	EndGlobalSection
	GlobalSection(SolutionProperties) = preSolution
		HideSolutionNode = FALSE
	EndGlobalSection
	GlobalSection(ExtensibilityGlobals) = postSolution
		SolutionGuid = {D5BA5173-E550-4E4C-AFE1-D74319098986}
	EndGlobalSection
EndGlobal
