
Microsoft Visual Studio Solution File, Format Version 12.00
# Visual Studio Version 17
VisualStudioVersion = 17.4.33103.184
MinimumVisualStudioVersion = 10.0.40219.1
Project("{FAE04EC0-301F-11D3-BF4B-00C04F79EFBC}") = "aoc-9", "aoc-9\aoc-9.csproj", "{6D4BE2E7-74E6-41EF-A285-BE2B3B2BAA91}"
EndProject
Global
	GlobalSection(SolutionConfigurationPlatforms) = preSolution
		Debug|Any CPU = Debug|Any CPU
		Release|Any CPU = Release|Any CPU
	EndGlobalSection
	GlobalSection(ProjectConfigurationPlatforms) = postSolution
		{6D4BE2E7-74E6-41EF-A285-BE2B3B2BAA91}.Debug|Any CPU.ActiveCfg = Debug|Any CPU
		{6D4BE2E7-74E6-41EF-A285-BE2B3B2BAA91}.Debug|Any CPU.Build.0 = Debug|Any CPU
		{6D4BE2E7-74E6-41EF-A285-BE2B3B2BAA91}.Release|Any CPU.ActiveCfg = Release|Any CPU
		{6D4BE2E7-74E6-41EF-A285-BE2B3B2BAA91}.Release|Any CPU.Build.0 = Release|Any CPU
	EndGlobalSection
	GlobalSection(SolutionProperties) = preSolution
		HideSolutionNode = FALSE
	EndGlobalSection
	GlobalSection(ExtensibilityGlobals) = postSolution
		SolutionGuid = {60DD70B0-FABA-4ACB-ABE9-B27BEF533921}
	EndGlobalSection
EndGlobal
